
Microsoft Visual Studio Solution File, Format Version 12.00
# Visual Studio 14
VisualStudioVersion = 14.0.25420.1
MinimumVisualStudioVersion = 10.0.40219.1
Project("{FAE04EC0-301F-11D3-BF4B-00C04F79EFBC}") = "Server", "Server\Server.csproj", "{3CE4D018-5F10-4A93-86C0-4FD3151D745B}"
EndProject
Project("{FAE04EC0-301F-11D3-BF4B-00C04F79EFBC}") = "Testing", "Testing\Testing.csproj", "{7B0851C8-37A8-4C93-999C-EB5C3F535413}"
EndProject
Project("{FAE04EC0-301F-11D3-BF4B-00C04F79EFBC}") = "KnatteliganWPF", "..\..\..\Documents\Iths\c sharp\KnatteliganWPF\KnatteliganWPF\KnatteliganWPF.csproj", "{B2CEC852-2332-4DDE-AF5C-3CE6D5722B84}"
EndProject
Global
	GlobalSection(SolutionConfigurationPlatforms) = preSolution
		Debug|Any CPU = Debug|Any CPU
		Release|Any CPU = Release|Any CPU
	EndGlobalSection
	GlobalSection(ProjectConfigurationPlatforms) = postSolution
		{3CE4D018-5F10-4A93-86C0-4FD3151D745B}.Debug|Any CPU.ActiveCfg = Debug|Any CPU
		{3CE4D018-5F10-4A93-86C0-4FD3151D745B}.Debug|Any CPU.Build.0 = Debug|Any CPU
		{3CE4D018-5F10-4A93-86C0-4FD3151D745B}.Release|Any CPU.ActiveCfg = Release|Any CPU
		{3CE4D018-5F10-4A93-86C0-4FD3151D745B}.Release|Any CPU.Build.0 = Release|Any CPU
		{7B0851C8-37A8-4C93-999C-EB5C3F535413}.Debug|Any CPU.ActiveCfg = Debug|Any CPU
		{7B0851C8-37A8-4C93-999C-EB5C3F535413}.Debug|Any CPU.Build.0 = Debug|Any CPU
		{7B0851C8-37A8-4C93-999C-EB5C3F535413}.Release|Any CPU.ActiveCfg = Release|Any CPU
		{7B0851C8-37A8-4C93-999C-EB5C3F535413}.Release|Any CPU.Build.0 = Release|Any CPU
		{B2CEC852-2332-4DDE-AF5C-3CE6D5722B84}.Debug|Any CPU.ActiveCfg = Debug|Any CPU
		{B2CEC852-2332-4DDE-AF5C-3CE6D5722B84}.Debug|Any CPU.Build.0 = Debug|Any CPU
		{B2CEC852-2332-4DDE-AF5C-3CE6D5722B84}.Release|Any CPU.ActiveCfg = Release|Any CPU
		{B2CEC852-2332-4DDE-AF5C-3CE6D5722B84}.Release|Any CPU.Build.0 = Release|Any CPU
	EndGlobalSection
	GlobalSection(SolutionProperties) = preSolution
		HideSolutionNode = FALSE
	EndGlobalSection
EndGlobal
